
Microsoft Visual Studio Solution File, Format Version 12.00
# Visual Studio 15
Project("{FAE04EC0-301F-11D3-BF4B-00C04F79EFBC}") = "Cbs.oData.TableConsole", "Cbs.oData.TableConsole.csproj", "{133E2B05-53CE-43F1-8ADE-815077880619}"
EndProject
Global
	GlobalSection(SolutionConfigurationPlatforms) = preSolution
		Debug|Any CPU = Debug|Any CPU
		Release|Any CPU = Release|Any CPU
	EndGlobalSection
	GlobalSection(ProjectConfigurationPlatforms) = postSolution
		{133E2B05-53CE-43F1-8ADE-815077880619}.Debug|Any CPU.ActiveCfg = Debug|Any CPU
		{133E2B05-53CE-43F1-8ADE-815077880619}.Debug|Any CPU.Build.0 = Debug|Any CPU
		{133E2B05-53CE-43F1-8ADE-815077880619}.Release|Any CPU.ActiveCfg = Release|Any CPU
		{133E2B05-53CE-43F1-8ADE-815077880619}.Release|Any CPU.Build.0 = Release|Any CPU
	EndGlobalSection
EndGlobal
